
Microsoft Visual Studio Solution File, Format Version 12.00
# Visual Studio Version 17
VisualStudioVersion = 17.6.33723.286
MinimumVisualStudioVersion = 10.0.40219.1
Project("{FAE04EC0-301F-11D3-BF4B-00C04F79EFBC}") = "antrenman", "antrenman\antrenman.csproj", "{C55E58FC-C562-49E9-A0D9-220303C49E72}"
EndProject
Global
	GlobalSection(SolutionConfigurationPlatforms) = preSolution
		Debug|Any CPU = Debug|Any CPU
		Release|Any CPU = Release|Any CPU
	EndGlobalSection
	GlobalSection(ProjectConfigurationPlatforms) = postSolution
		{C55E58FC-C562-49E9-A0D9-220303C49E72}.Debug|Any CPU.ActiveCfg = Debug|Any CPU
		{C55E58FC-C562-49E9-A0D9-220303C49E72}.Debug|Any CPU.Build.0 = Debug|Any CPU
		{C55E58FC-C562-49E9-A0D9-220303C49E72}.Release|Any CPU.ActiveCfg = Release|Any CPU
		{C55E58FC-C562-49E9-A0D9-220303C49E72}.Release|Any CPU.Build.0 = Release|Any CPU
	EndGlobalSection
	GlobalSection(SolutionProperties) = preSolution
		HideSolutionNode = FALSE
	EndGlobalSection
	GlobalSection(ExtensibilityGlobals) = postSolution
		SolutionGuid = {F69DB8D6-CC66-43D6-BBA4-8CC94659B7AF}
	EndGlobalSection
EndGlobal
